
Microsoft Visual Studio Solution File, Format Version 12.00
# Visual Studio 14
VisualStudioVersion = 14.0.25420.1
MinimumVisualStudioVersion = 10.0.40219.1
Project("{FAE04EC0-301F-11D3-BF4B-00C04F79EFBC}") = "GUI", "GUI\GUI.csproj", "{287686C7-455A-4208-A10C-547031C6A4CC}"
EndProject
Project("{FAE04EC0-301F-11D3-BF4B-00C04F79EFBC}") = "DAO", "DAO\DAO.csproj", "{5CE8D759-8A39-4A6C-A1C9-F6316CA5B601}"
EndProject
Project("{FAE04EC0-301F-11D3-BF4B-00C04F79EFBC}") = "BUS", "BUS\BUS.csproj", "{1D318B67-648A-4D4E-8B44-4BDD34B9A912}"
EndProject
Project("{FAE04EC0-301F-11D3-BF4B-00C04F79EFBC}") = "DTO", "DTO\DTO.csproj", "{708790DA-7D6B-4BE5-AE50-1D4DE128AC99}"
EndProject
Global
	GlobalSection(SolutionConfigurationPlatforms) = preSolution
		Debug|Any CPU = Debug|Any CPU
		Release|Any CPU = Release|Any CPU
	EndGlobalSection
	GlobalSection(ProjectConfigurationPlatforms) = postSolution
		{287686C7-455A-4208-A10C-547031C6A4CC}.Debug|Any CPU.ActiveCfg = Debug|Any CPU
		{287686C7-455A-4208-A10C-547031C6A4CC}.Debug|Any CPU.Build.0 = Debug|Any CPU
		{287686C7-455A-4208-A10C-547031C6A4CC}.Release|Any CPU.ActiveCfg = Release|Any CPU
		{287686C7-455A-4208-A10C-547031C6A4CC}.Release|Any CPU.Build.0 = Release|Any CPU
		{5CE8D759-8A39-4A6C-A1C9-F6316CA5B601}.Debug|Any CPU.ActiveCfg = Debug|Any CPU
		{5CE8D759-8A39-4A6C-A1C9-F6316CA5B601}.Debug|Any CPU.Build.0 = Debug|Any CPU
		{5CE8D759-8A39-4A6C-A1C9-F6316CA5B601}.Release|Any CPU.ActiveCfg = Release|Any CPU
		{5CE8D759-8A39-4A6C-A1C9-F6316CA5B601}.Release|Any CPU.Build.0 = Release|Any CPU
		{1D318B67-648A-4D4E-8B44-4BDD34B9A912}.Debug|Any CPU.ActiveCfg = Debug|Any CPU
		{1D318B67-648A-4D4E-8B44-4BDD34B9A912}.Debug|Any CPU.Build.0 = Debug|Any CPU
		{1D318B67-648A-4D4E-8B44-4BDD34B9A912}.Release|Any CPU.ActiveCfg = Release|Any CPU
		{1D318B67-648A-4D4E-8B44-4BDD34B9A912}.Release|Any CPU.Build.0 = Release|Any CPU
		{708790DA-7D6B-4BE5-AE50-1D4DE128AC99}.Debug|Any CPU.ActiveCfg = Debug|Any CPU
		{708790DA-7D6B-4BE5-AE50-1D4DE128AC99}.Debug|Any CPU.Build.0 = Debug|Any CPU
		{708790DA-7D6B-4BE5-AE50-1D4DE128AC99}.Release|Any CPU.ActiveCfg = Release|Any CPU
		{708790DA-7D6B-4BE5-AE50-1D4DE128AC99}.Release|Any CPU.Build.0 = Release|Any CPU
	EndGlobalSection
	GlobalSection(SolutionProperties) = preSolution
		HideSolutionNode = FALSE
	EndGlobalSection
EndGlobal
